
Microsoft Visual Studio Solution File, Format Version 12.00
# Visual Studio 15
VisualStudioVersion = 15.0.26730.16
MinimumVisualStudioVersion = 10.0.40219.1
Project("{FAE04EC0-301F-11D3-BF4B-00C04F79EFBC}") = "AreaCalculator", "AreaCalculator\AreaCalculator.csproj", "{BC0F047F-6563-4600-82C3-C4357789A6F3}"
EndProject
Global
	GlobalSection(SolutionConfigurationPlatforms) = preSolution
		Debug|Any CPU = Debug|Any CPU
		Release|Any CPU = Release|Any CPU
	EndGlobalSection
	GlobalSection(ProjectConfigurationPlatforms) = postSolution
		{BC0F047F-6563-4600-82C3-C4357789A6F3}.Debug|Any CPU.ActiveCfg = Debug|Any CPU
		{BC0F047F-6563-4600-82C3-C4357789A6F3}.Debug|Any CPU.Build.0 = Debug|Any CPU
		{BC0F047F-6563-4600-82C3-C4357789A6F3}.Release|Any CPU.ActiveCfg = Release|Any CPU
		{BC0F047F-6563-4600-82C3-C4357789A6F3}.Release|Any CPU.Build.0 = Release|Any CPU
	EndGlobalSection
	GlobalSection(SolutionProperties) = preSolution
		HideSolutionNode = FALSE
	EndGlobalSection
	GlobalSection(ExtensibilityGlobals) = postSolution
		SolutionGuid = {0822DE72-B76A-4826-9DB5-8CC73325C35D}
	EndGlobalSection
EndGlobal
